
Microsoft Visual Studio Solution File, Format Version 12.00
# Visual Studio Version 16
VisualStudioVersion = 16.0.29411.108
MinimumVisualStudioVersion = 10.0.40219.1
Project("{FAE04EC0-301F-11D3-BF4B-00C04F79EFBC}") = "Library", "Library\Library.csproj", "{522DFEDE-5087-425C-8527-1910D015D84D}"
EndProject
Global
	GlobalSection(SolutionConfigurationPlatforms) = preSolution
		Debug|Any CPU = Debug|Any CPU
		Release|Any CPU = Release|Any CPU
	EndGlobalSection
	GlobalSection(ProjectConfigurationPlatforms) = postSolution
		{522DFEDE-5087-425C-8527-1910D015D84D}.Debug|Any CPU.ActiveCfg = Debug|Any CPU
		{522DFEDE-5087-425C-8527-1910D015D84D}.Debug|Any CPU.Build.0 = Debug|Any CPU
		{522DFEDE-5087-425C-8527-1910D015D84D}.Release|Any CPU.ActiveCfg = Release|Any CPU
		{522DFEDE-5087-425C-8527-1910D015D84D}.Release|Any CPU.Build.0 = Release|Any CPU
	EndGlobalSection
	GlobalSection(SolutionProperties) = preSolution
		HideSolutionNode = FALSE
	EndGlobalSection
	GlobalSection(ExtensibilityGlobals) = postSolution
		SolutionGuid = {016DB69D-6957-46C7-A619-05C664C74421}
	EndGlobalSection
EndGlobal
